
Microsoft Visual Studio Solution File, Format Version 12.00
# Visual Studio Version 17
VisualStudioVersion = 17.1.32210.238
MinimumVisualStudioVersion = 10.0.40219.1
Project("{FAE04EC0-301F-11D3-BF4B-00C04F79EFBC}") = "tpmodul7_1302200019", "tpmodul7_1302200019\tpmodul7_1302200019.csproj", "{F522F360-1395-4515-AB3A-C8490A34AB82}"
EndProject
Project("{2150E333-8FDC-42A3-9474-1A3956D46DE8}") = "Solution Items", "Solution Items", "{E33012EA-DBF5-41E6-AC02-CADA4A6E0744}"
	ProjectSection(SolutionItems) = preProject
		.editorconfig = .editorconfig
		covid_config.json = covid_config.json
	EndProjectSection
EndProject
Global
	GlobalSection(SolutionConfigurationPlatforms) = preSolution
		Debug|Any CPU = Debug|Any CPU
		Release|Any CPU = Release|Any CPU
	EndGlobalSection
	GlobalSection(ProjectConfigurationPlatforms) = postSolution
		{F522F360-1395-4515-AB3A-C8490A34AB82}.Debug|Any CPU.ActiveCfg = Debug|Any CPU
		{F522F360-1395-4515-AB3A-C8490A34AB82}.Debug|Any CPU.Build.0 = Debug|Any CPU
		{F522F360-1395-4515-AB3A-C8490A34AB82}.Release|Any CPU.ActiveCfg = Release|Any CPU
		{F522F360-1395-4515-AB3A-C8490A34AB82}.Release|Any CPU.Build.0 = Release|Any CPU
	EndGlobalSection
	GlobalSection(SolutionProperties) = preSolution
		HideSolutionNode = FALSE
	EndGlobalSection
	GlobalSection(ExtensibilityGlobals) = postSolution
		SolutionGuid = {1D5FB3D0-F00A-4A9C-94F5-0997A4FB6F20}
	EndGlobalSection
EndGlobal
